
Microsoft Visual Studio Solution File, Format Version 12.00
# Visual Studio Version 17
VisualStudioVersion = 17.5.33424.131
MinimumVisualStudioVersion = 10.0.40219.1
Project("{FAE04EC0-301F-11D3-BF4B-00C04F79EFBC}") = "ParkingApplication", "ParkingApplication\ParkingApplication.csproj", "{54FF43E5-D4DC-4913-AC43-E261F1349B53}"
EndProject
Global
	GlobalSection(SolutionConfigurationPlatforms) = preSolution
		Debug|Any CPU = Debug|Any CPU
		Release|Any CPU = Release|Any CPU
	EndGlobalSection
	GlobalSection(ProjectConfigurationPlatforms) = postSolution
		{54FF43E5-D4DC-4913-AC43-E261F1349B53}.Debug|Any CPU.ActiveCfg = Debug|Any CPU
		{54FF43E5-D4DC-4913-AC43-E261F1349B53}.Debug|Any CPU.Build.0 = Debug|Any CPU
		{54FF43E5-D4DC-4913-AC43-E261F1349B53}.Release|Any CPU.ActiveCfg = Release|Any CPU
		{54FF43E5-D4DC-4913-AC43-E261F1349B53}.Release|Any CPU.Build.0 = Release|Any CPU
	EndGlobalSection
	GlobalSection(SolutionProperties) = preSolution
		HideSolutionNode = FALSE
	EndGlobalSection
	GlobalSection(ExtensibilityGlobals) = postSolution
		SolutionGuid = {728A3EA2-04B4-4255-997C-39A9B8C07382}
	EndGlobalSection
EndGlobal
